
Microsoft Visual Studio Solution File, Format Version 12.00
# Visual Studio Version 17
VisualStudioVersion = 17.0.32126.317
MinimumVisualStudioVersion = 10.0.40219.1
Project("{FAE04EC0-301F-11D3-BF4B-00C04F79EFBC}") = "proveedoresCliente", "proveedoresCliente\proveedoresCliente.csproj", "{B3AA2527-B888-422B-8ACF-E8CF7D1F8EB0}"
EndProject
Global
	GlobalSection(SolutionConfigurationPlatforms) = preSolution
		Debug|Any CPU = Debug|Any CPU
		Release|Any CPU = Release|Any CPU
	EndGlobalSection
	GlobalSection(ProjectConfigurationPlatforms) = postSolution
		{B3AA2527-B888-422B-8ACF-E8CF7D1F8EB0}.Debug|Any CPU.ActiveCfg = Debug|Any CPU
		{B3AA2527-B888-422B-8ACF-E8CF7D1F8EB0}.Debug|Any CPU.Build.0 = Debug|Any CPU
		{B3AA2527-B888-422B-8ACF-E8CF7D1F8EB0}.Release|Any CPU.ActiveCfg = Release|Any CPU
		{B3AA2527-B888-422B-8ACF-E8CF7D1F8EB0}.Release|Any CPU.Build.0 = Release|Any CPU
	EndGlobalSection
	GlobalSection(SolutionProperties) = preSolution
		HideSolutionNode = FALSE
	EndGlobalSection
	GlobalSection(ExtensibilityGlobals) = postSolution
		SolutionGuid = {A60EFDF7-6EB2-4269-8705-3B0D62E22741}
	EndGlobalSection
EndGlobal
